
Microsoft Visual Studio Solution File, Format Version 12.00
# Visual Studio Version 16
VisualStudioVersion = 16.0.31515.178
MinimumVisualStudioVersion = 10.0.40219.1
Project("{FAE04EC0-301F-11D3-BF4B-00C04F79EFBC}") = "MoviesApp", "MoviesApp\MoviesApp.csproj", "{F5531F32-0F45-4A42-8D25-076772247533}"
EndProject
Global
	GlobalSection(SolutionConfigurationPlatforms) = preSolution
		Debug|Any CPU = Debug|Any CPU
		Release|Any CPU = Release|Any CPU
	EndGlobalSection
	GlobalSection(ProjectConfigurationPlatforms) = postSolution
		{F5531F32-0F45-4A42-8D25-076772247533}.Debug|Any CPU.ActiveCfg = Debug|Any CPU
		{F5531F32-0F45-4A42-8D25-076772247533}.Debug|Any CPU.Build.0 = Debug|Any CPU
		{F5531F32-0F45-4A42-8D25-076772247533}.Release|Any CPU.ActiveCfg = Release|Any CPU
		{F5531F32-0F45-4A42-8D25-076772247533}.Release|Any CPU.Build.0 = Release|Any CPU
	EndGlobalSection
	GlobalSection(SolutionProperties) = preSolution
		HideSolutionNode = FALSE
	EndGlobalSection
	GlobalSection(ExtensibilityGlobals) = postSolution
		SolutionGuid = {EF4099C0-2374-4A37-A877-E7CF7C3B40B2}
	EndGlobalSection
EndGlobal
